
Microsoft Visual Studio Solution File, Format Version 12.00
# Visual Studio Version 17
VisualStudioVersion = 17.0.31903.59
MinimumVisualStudioVersion = 10.0.40219.1
Project("{9A19103F-16F7-4668-BE54-9A1E7A4F7556}") = "AutomationIoC.Sample", "src\AutomationIoC.Sample.csproj", "{9DE9C1DC-2514-42C7-A746-45FC27DEAD21}"
EndProject
Project("{FAE04EC0-301F-11D3-BF4B-00C04F79EFBC}") = "AutomationIoC.Sample.Test", "test\AutomationIoC.Sample.Test\AutomationIoC.Sample.Test.csproj", "{D49B9B29-9694-476E-94D6-1F0DE3B7A784}"
EndProject
Global
	GlobalSection(SolutionConfigurationPlatforms) = preSolution
		Debug|Any CPU = Debug|Any CPU
		Release|Any CPU = Release|Any CPU
	EndGlobalSection
	GlobalSection(ProjectConfigurationPlatforms) = postSolution
		{9DE9C1DC-2514-42C7-A746-45FC27DEAD21}.Debug|Any CPU.ActiveCfg = Debug|Any CPU
		{9DE9C1DC-2514-42C7-A746-45FC27DEAD21}.Debug|Any CPU.Build.0 = Debug|Any CPU
		{9DE9C1DC-2514-42C7-A746-45FC27DEAD21}.Release|Any CPU.ActiveCfg = Release|Any CPU
		{9DE9C1DC-2514-42C7-A746-45FC27DEAD21}.Release|Any CPU.Build.0 = Release|Any CPU
		{D49B9B29-9694-476E-94D6-1F0DE3B7A784}.Debug|Any CPU.ActiveCfg = Debug|Any CPU
		{D49B9B29-9694-476E-94D6-1F0DE3B7A784}.Debug|Any CPU.Build.0 = Debug|Any CPU
		{D49B9B29-9694-476E-94D6-1F0DE3B7A784}.Release|Any CPU.ActiveCfg = Release|Any CPU
		{D49B9B29-9694-476E-94D6-1F0DE3B7A784}.Release|Any CPU.Build.0 = Release|Any CPU
	EndGlobalSection
	GlobalSection(SolutionProperties) = preSolution
		HideSolutionNode = FALSE
	EndGlobalSection
	GlobalSection(ExtensibilityGlobals) = postSolution
		SolutionGuid = {719B3077-B6E5-4B99-A573-0E66DC4AC6CC}
	EndGlobalSection
EndGlobal
