
Microsoft Visual Studio Solution File, Format Version 12.00
# Visual Studio Version 17
VisualStudioVersion = 17.0.31903.59
MinimumVisualStudioVersion = 10.0.40219.1
Project("{9A19103F-16F7-4668-BE54-9A1E7A4F7556}") = "ConsolesSample", "ConsolesSample\ConsolesSample.csproj", "{84931CF0-2FF9-4FAD-AFFC-844B48912F95}"
EndProject
Project("{9A19103F-16F7-4668-BE54-9A1E7A4F7556}") = "PSCmdletsSample", "PSCmdletsSample\PSCmdletsSample.csproj", "{9DE9C1DC-2514-42C7-A746-45FC27DEAD21}"
EndProject
Project("{9A19103F-16F7-4668-BE54-9A1E7A4F7556}") = "PSCmdletToolsSample", "PSCmdletToolsSample\PSCmdletToolsSample.csproj", "{D49B9B29-9694-476E-94D6-1F0DE3B7A784}"
EndProject
Project("{2150E333-8FDC-42A3-9474-1A3956D46DE8}") = "src", "src", "{D9F5C78E-7A8C-4050-B88D-8CE1607F0EE8}"
EndProject
Project("{9A19103F-16F7-4668-BE54-9A1E7A4F7556}") = "AutomationIoC.Consoles", "..\src\consoles\src\AutomationIoC.Consoles.csproj", "{C9B25CF4-7B3A-472F-8B4B-CCD8944DE3A6}"
EndProject
Project("{9A19103F-16F7-4668-BE54-9A1E7A4F7556}") = "AutomationIoC.PSCmdlets", "..\src\pscmdlets\core\src\AutomationIoC.PSCmdlets.csproj", "{9D36E5D9-BCB0-458E-A462-325326128B0B}"
EndProject
Project("{9A19103F-16F7-4668-BE54-9A1E7A4F7556}") = "AutomationIoC.PSCmdlets.Tools", "..\src\pscmdlets\tools\src\AutomationIoC.PSCmdlets.Tools.csproj", "{C2555474-74C2-4709-8AF4-045B14093149}"
EndProject
Global
	GlobalSection(SolutionConfigurationPlatforms) = preSolution
		Debug|Any CPU = Debug|Any CPU
		Release|Any CPU = Release|Any CPU
	EndGlobalSection
	GlobalSection(ProjectConfigurationPlatforms) = postSolution
		{9DE9C1DC-2514-42C7-A746-45FC27DEAD21}.Debug|Any CPU.ActiveCfg = Debug|Any CPU
		{9DE9C1DC-2514-42C7-A746-45FC27DEAD21}.Debug|Any CPU.Build.0 = Debug|Any CPU
		{9DE9C1DC-2514-42C7-A746-45FC27DEAD21}.Release|Any CPU.ActiveCfg = Release|Any CPU
		{9DE9C1DC-2514-42C7-A746-45FC27DEAD21}.Release|Any CPU.Build.0 = Release|Any CPU
		{D49B9B29-9694-476E-94D6-1F0DE3B7A784}.Debug|Any CPU.ActiveCfg = Debug|Any CPU
		{D49B9B29-9694-476E-94D6-1F0DE3B7A784}.Debug|Any CPU.Build.0 = Debug|Any CPU
		{D49B9B29-9694-476E-94D6-1F0DE3B7A784}.Release|Any CPU.ActiveCfg = Release|Any CPU
		{D49B9B29-9694-476E-94D6-1F0DE3B7A784}.Release|Any CPU.Build.0 = Release|Any CPU
		{9D36E5D9-BCB0-458E-A462-325326128B0B}.Debug|Any CPU.ActiveCfg = Debug|Any CPU
		{9D36E5D9-BCB0-458E-A462-325326128B0B}.Debug|Any CPU.Build.0 = Debug|Any CPU
		{9D36E5D9-BCB0-458E-A462-325326128B0B}.Release|Any CPU.ActiveCfg = Release|Any CPU
		{9D36E5D9-BCB0-458E-A462-325326128B0B}.Release|Any CPU.Build.0 = Release|Any CPU
		{C2555474-74C2-4709-8AF4-045B14093149}.Debug|Any CPU.ActiveCfg = Debug|Any CPU
		{C2555474-74C2-4709-8AF4-045B14093149}.Debug|Any CPU.Build.0 = Debug|Any CPU
		{C2555474-74C2-4709-8AF4-045B14093149}.Release|Any CPU.ActiveCfg = Release|Any CPU
		{C2555474-74C2-4709-8AF4-045B14093149}.Release|Any CPU.Build.0 = Release|Any CPU
		{84931CF0-2FF9-4FAD-AFFC-844B48912F95}.Debug|Any CPU.ActiveCfg = Debug|Any CPU
		{84931CF0-2FF9-4FAD-AFFC-844B48912F95}.Debug|Any CPU.Build.0 = Debug|Any CPU
		{84931CF0-2FF9-4FAD-AFFC-844B48912F95}.Release|Any CPU.ActiveCfg = Release|Any CPU
		{84931CF0-2FF9-4FAD-AFFC-844B48912F95}.Release|Any CPU.Build.0 = Release|Any CPU
		{C9B25CF4-7B3A-472F-8B4B-CCD8944DE3A6}.Debug|Any CPU.ActiveCfg = Debug|Any CPU
		{C9B25CF4-7B3A-472F-8B4B-CCD8944DE3A6}.Debug|Any CPU.Build.0 = Debug|Any CPU
		{C9B25CF4-7B3A-472F-8B4B-CCD8944DE3A6}.Release|Any CPU.ActiveCfg = Release|Any CPU
		{C9B25CF4-7B3A-472F-8B4B-CCD8944DE3A6}.Release|Any CPU.Build.0 = Release|Any CPU
	EndGlobalSection
	GlobalSection(SolutionProperties) = preSolution
		HideSolutionNode = FALSE
	EndGlobalSection
	GlobalSection(NestedProjects) = preSolution
		{9D36E5D9-BCB0-458E-A462-325326128B0B} = {D9F5C78E-7A8C-4050-B88D-8CE1607F0EE8}
		{C2555474-74C2-4709-8AF4-045B14093149} = {D9F5C78E-7A8C-4050-B88D-8CE1607F0EE8}
		{C9B25CF4-7B3A-472F-8B4B-CCD8944DE3A6} = {D9F5C78E-7A8C-4050-B88D-8CE1607F0EE8}
	EndGlobalSection
	GlobalSection(ExtensibilityGlobals) = postSolution
		SolutionGuid = {719B3077-B6E5-4B99-A573-0E66DC4AC6CC}
	EndGlobalSection
EndGlobal
